
Microsoft Visual Studio Solution File, Format Version 12.00
# Visual Studio Version 17
VisualStudioVersion = 17.0.31903.59
MinimumVisualStudioVersion = 10.0.40219.1
Project("{2150E333-8FDC-42A3-9474-1A3956D46DE8}") = "src", "src", "{68A31969-3667-42C1-89CA-42C12AC4C3FD}"
EndProject
Project("{FAE04EC0-301F-11D3-BF4B-00C04F79EFBC}") = "SampleApi", "src\SampleApi\SampleApi.csproj", "{D6E0E8F4-C9D6-4F6C-A12D-F541A73166DB}"
EndProject
Project("{2150E333-8FDC-42A3-9474-1A3956D46DE8}") = "docs", "docs", "{2441F726-5CA4-48B7-BE57-B3D359759556}"
	ProjectSection(SolutionItems) = preProject
		README.md = README.md
	EndProjectSection
EndProject
Global
	GlobalSection(SolutionConfigurationPlatforms) = preSolution
		Debug|Any CPU = Debug|Any CPU
		Release|Any CPU = Release|Any CPU
	EndGlobalSection
	GlobalSection(SolutionProperties) = preSolution
		HideSolutionNode = FALSE
	EndGlobalSection
	GlobalSection(NestedProjects) = preSolution
		{D6E0E8F4-C9D6-4F6C-A12D-F541A73166DB} = {68A31969-3667-42C1-89CA-42C12AC4C3FD}
	EndGlobalSection
	GlobalSection(ProjectConfigurationPlatforms) = postSolution
		{D6E0E8F4-C9D6-4F6C-A12D-F541A73166DB}.Debug|Any CPU.ActiveCfg = Debug|Any CPU
		{D6E0E8F4-C9D6-4F6C-A12D-F541A73166DB}.Debug|Any CPU.Build.0 = Debug|Any CPU
		{D6E0E8F4-C9D6-4F6C-A12D-F541A73166DB}.Release|Any CPU.ActiveCfg = Release|Any CPU
		{D6E0E8F4-C9D6-4F6C-A12D-F541A73166DB}.Release|Any CPU.Build.0 = Release|Any CPU
	EndGlobalSection
EndGlobal
